// !$*UTF8*$!
{
	archiveVersion = 1;
	classes = {
	};
	objectVersion = 46;
	objects = {

/* Begin PBXBuildFile section */
		F2051BC41B0C117F00590A60 /* AppDelegate.swift in Sources */ = {isa = PBXBuildFile; fileRef = F2051BC31B0C117F00590A60 /* AppDelegate.swift */; };
		F2051BC61B0C117F00590A60 /* ViewController.swift in Sources */ = {isa = PBXBuildFile; fileRef = F2051BC51B0C117F00590A60 /* ViewController.swift */; };
		F2051BC91B0C117F00590A60 /* Main.storyboard in Resources */ = {isa = PBXBuildFile; fileRef = F2051BC71B0C117F00590A60 /* Main.storyboard */; };
		F2051BCB1B0C117F00590A60 /* Images.xcassets in Resources */ = {isa = PBXBuildFile; fileRef = F2051BCA1B0C117F00590A60 /* Images.xcassets */; };
		F2051BCE1B0C117F00590A60 /* LaunchScreen.xib in Resources */ = {isa = PBXBuildFile; fileRef = F2051BCC1B0C117F00590A60 /* LaunchScreen.xib */; };
		F2051BDA1B0C118000590A60 /* PostcardTests.swift in Sources */ = {isa = PBXBuildFile; fileRef = F2051BD91B0C118000590A60 /* PostcardTests.swift */; };
/* End PBXBuildFile section */

/* Begin PBXContainerItemProxy section */
		F2051BD41B0C118000590A60 /* PBXContainerItemProxy */ = {
			isa = PBXContainerItemProxy;
			containerPortal = F2051BB61B0C117E00590A60 /* Project object */;
			proxyType = 1;
			remoteGlobalIDString = F2051BBD1B0C117E00590A60;
			remoteInfo = Postcard;
		};
/* End PBXContainerItemProxy section */

/* Begin PBXFileReference section */
		F2051BBE1B0C117F00590A60 /* Postcard.app */ = {isa = PBXFileReference; explicitFileType = wrapper.application; includeInIndex = 0; path = Postcard.app; sourceTree = BUILT_PRODUCTS_DIR; };
		F2051BC21B0C117F00590A60 /* Info.plist */ = {isa = PBXFileReference; lastKnownFileType = text.plist.xml; path = Info.plist; sourceTree = "<group>"; };
		F2051BC31B0C117F00590A60 /* AppDelegate.swift */ = {isa = PBXFileReference; lastKnownFileType = sourcecode.swift; path = AppDelegate.swift; sourceTree = "<group>"; };
		F2051BC51B0C117F00590A60 /* ViewController.swift */ = {isa = PBXFileReference; lastKnownFileType = sourcecode.swift; path = ViewController.swift; sourceTree = "<group>"; };
		F2051BC81B0C117F00590A60 /* Base */ = {isa = PBXFileReference; lastKnownFileType = file.storyboard; name = Base; path = Base.lproj/Main.storyboard; sourceTree = "<group>"; };
		F2051BCA1B0C117F00590A60 /* Images.xcassets */ = {isa = PBXFileReference; lastKnownFileType = folder.assetcatalog; path = Images.xcassets; sourceTree = "<group>"; };
		F2051BCD1B0C117F00590A60 /* Base */ = {isa = PBXFileReference; lastKnownFileType = file.xib; name = Base; path = Base.lproj/LaunchScreen.xib; sourceTree = "<group>"; };
		F2051BD31B0C118000590A60 /* PostcardTests.xctest */ = {isa = PBXFileReference; explicitFileType = wrapper.cfbundle; includeInIndex = 0; path = PostcardTests.xctest; sourceTree = BUILT_PRODUCTS_DIR; };
		F2051BD81B0C118000590A60 /* Info.plist */ = {isa = PBXFileReference; lastKnownFileType = text.plist.xml; path = Info.plist; sourceTree = "<group>"; };
		F2051BD91B0C118000590A60 /* PostcardTests.swift */ = {isa = PBXFileReference; lastKnownFileType = sourcecode.swift; path = PostcardTests.swift; sourceTree = "<group>"; };
/* End PBXFileReference section */

/* Begin PBXFrameworksBuildPhase section */
		F2051BBB1B0C117E00590A60 /* Frameworks */ = {
			isa = PBXFrameworksBuildPhase;
			buildActionMask = 2147483647;
			files = (
			);
			runOnlyForDeploymentPostprocessing = 0;
		};
		F2051BD01B0C118000590A60 /* Frameworks */ = {
			isa = PBXFrameworksBuildPhase;
			buildActionMask = 2147483647;
			files = (
			);
			runOnlyForDeploymentPostprocessing = 0;
		};
/* End PBXFrameworksBuildPhase section */

/* Begin PBXGroup section */
		F2051BB51B0C117D00590A60 = {
			isa = PBXGroup;
			children = (
				F2051BC01B0C117F00590A60 /* Postcard */,
				F2051BD61B0C118000590A60 /* PostcardTests */,
				F2051BBF1B0C117F00590A60 /* Products */,
			);
			sourceTree = "<group>";
		};
		F2051BBF1B0C117F00590A60 /* Products */ = {
			isa = PBXGroup;
			children = (
				F2051BBE1B0C117F00590A60 /* Postcard.app */,
				F2051BD31B0C118000590A60 /* PostcardTests.xctest */,
			);
			name = Products;
			sourceTree = "<group>";
		};
		F2051BC01B0C117F00590A60 /* Postcard */ = {
			isa = PBXGroup;
			children = (
				F2051BC31B0C117F00590A60 /* AppDelegate.swift */,
				F2051BC51B0C117F00590A60 /* ViewController.swift */,
				F2051BC71B0C117F00590A60 /* Main.storyboard */,
				F2051BCA1B0C117F00590A60 /* Images.xcassets */,
				F2051BCC1B0C117F00590A60 /* LaunchScreen.xib */,
				F2051BC11B0C117F00590A60 /* Supporting Files */,
			);
			path = Postcard;
			sourceTree = "<group>";
		};
		F2051BC11B0C117F00590A60 /* Supporting Files */ = {
			isa = PBXGroup;
			children = (
				F2051BC21B0C117F00590A60 /* Info.plist */,
			);
			name = "Supporting Files";
			sourceTree = "<group>";
		};
		F2051BD61B0C118000590A60 /* PostcardTests */ = {
			isa = PBXGroup;
			children = (
				F2051BD91B0C118000590A60 /* PostcardTests.swift */,
				F2051BD71B0C118000590A60 /* Supporting Files */,
			);
			path = PostcardTests;
			sourceTree = "<group>";
		};
		F2051BD71B0C118000590A60 /* Supporting Files */ = {
			isa = PBXGroup;
			children = (
				F2051BD81B0C118000590A60 /* Info.plist */,
			);
			name = "Supporting Files";
			sourceTree = "<group>";
		};
/* End PBXGroup section */

/* Begin PBXNativeTarget section */
		F2051BBD1B0C117E00590A60 /* Postcard */ = {
			isa = PBXNativeTarget;
			buildConfigurationList = F2051BDD1B0C118000590A60 /* Build configuration list for PBXNativeTarget "Postcard" */;
			buildPhases = (
				F2051BBA1B0C117E00590A60 /* Sources */,
				F2051BBB1B0C117E00590A60 /* Frameworks */,
				F2051BBC1B0C117E00590A60 /* Resources */,
			);
			buildRules = (
			);
			dependencies = (
			);
			name = Postcard;
			productName = Postcard;
			productReference = F2051BBE1B0C117F00590A60 /* Postcard.app */;
			productType = "com.apple.product-type.application";
		};
		F2051BD21B0C118000590A60 /* PostcardTests */ = {
			isa = PBXNativeTarget;
			buildConfigurationList = F2051BE01B0C118000590A60 /* Build configuration list for PBXNativeTarget "PostcardTests" */;
			buildPhases = (
				F2051BCF1B0C118000590A60 /* Sources */,
				F2051BD01B0C118000590A60 /* Frameworks */,
				F2051BD11B0C118000590A60 /* Resources */,
			);
			buildRules = (
			);
			dependencies = (
				F2051BD51B0C118000590A60 /* PBXTargetDependency */,
			);
			name = PostcardTests;
			productName = PostcardTests;
			productReference = F2051BD31B0C118000590A60 /* PostcardTests.xctest */;
			productType = "com.apple.product-type.bundle.unit-test";
		};
/* End PBXNativeTarget section */

/* Begin PBXProject section */
		F2051BB61B0C117E00590A60 /* Project object */ = {
			isa = PBXProject;
			attributes = {
				LastUpgradeCheck = 0620;
				ORGANIZATIONNAME = "Becky Boyland";
				TargetAttributes = {
					F2051BBD1B0C117E00590A60 = {
						CreatedOnToolsVersion = 6.2;
					};
					F2051BD21B0C118000590A60 = {
						CreatedOnToolsVersion = 6.2;
						TestTargetID = F2051BBD1B0C117E00590A60;
					};
				};
			};
			buildConfigurationList = F2051BB91B0C117E00590A60 /* Build configuration list for PBXProject "Postcard" */;
			compatibilityVersion = "Xcode 3.2";
			developmentRegion = English;
			hasScannedForEncodings = 0;
			knownRegions = (
				en,
				Base,
			);
			mainGroup = F2051BB51B0C117D00590A60;
			productRefGroup = F2051BBF1B0C117F00590A60 /* Products */;
			projectDirPath = "";
			projectRoot = "";
			targets = (
				F2051BBD1B0C117E00590A60 /* Postcard */,
				F2051BD21B0C118000590A60 /* PostcardTests */,
			);
		};
/* End PBXProject section */

/* Begin PBXResourcesBuildPhase section */
		F2051BBC1B0C117E00590A60 /* Resources */ = {
			isa = PBXResourcesBuildPhase;
			buildActionMask = 2147483647;
			files = (
				F2051BC91B0C117F00590A60 /* Main.storyboard in Resources */,
				F2051BCE1B0C117F00590A60 /* LaunchScreen.xib in Resources */,
				F2051BCB1B0C117F00590A60 /* Images.xcassets in Resources */,
			);
			runOnlyForDeploymentPostprocessing = 0;
		};
		F2051BD11B0C118000590A60 /* Resources */ = {
			isa = PBXResourcesBuildPhase;
			buildActionMask = 2147483647;
			files = (
			);
			runOnlyForDeploymentPostprocessing = 0;
		};
/* End PBXResourcesBuildPhase section */

/* Begin PBXSourcesBuildPhase section */
		F2051BBA1B0C117E00590A60 /* Sources */ = {
			isa = PBXSourcesBuildPhase;
			buildActionMask = 2147483647;
			files = (
				F2051BC61B0C117F00590A60 /* ViewController.swift in Sources */,
				F2051BC41B0C117F00590A60 /* AppDelegate.swift in Sources */,
			);
			runOnlyForDeploymentPostprocessing = 0;
		};
		F2051BCF1B0C118000590A60 /* Sources */ = {
			isa = PBXSourcesBuildPhase;
			buildActionMask = 2147483647;
			files = (
				F2051BDA1B0C118000590A60 /* PostcardTests.swift in Sources */,
			);
			runOnlyForDeploymentPostprocessing = 0;
		};
/* End PBXSourcesBuildPhase section */

/* Begin PBXTargetDependency section */
		F2051BD51B0C118000590A60 /* PBXTargetDependency */ = {
			isa = PBXTargetDependency;
			target = F2051BBD1B0C117E00590A60 /* Postcard */;
			targetProxy = F2051BD41B0C118000590A60 /* PBXContainerItemProxy */;
		};
/* End PBXTargetDependency section */

/* Begin PBXVariantGroup section */
		F2051BC71B0C117F00590A60 /* Main.storyboard */ = {
			isa = PBXVariantGroup;
			children = (
				F2051BC81B0C117F00590A60 /* Base */,
			);
			name = Main.storyboard;
			sourceTree = "<group>";
		};
		F2051BCC1B0C117F00590A60 /* LaunchScreen.xib */ = {
			isa = PBXVariantGroup;
			children = (
				F2051BCD1B0C117F00590A60 /* Base */,
			);
			name = LaunchScreen.xib;
			sourceTree = "<group>";
		};
/* End PBXVariantGroup section */

/* Begin XCBuildConfiguration section */
		F2051BDB1B0C118000590A60 /* Debug */ = {
			isa = XCBuildConfiguration;
			buildSettings = {
				ALWAYS_SEARCH_USER_PATHS = NO;
				CLANG_CXX_LANGUAGE_STANDARD = "gnu++0x";
				CLANG_CXX_LIBRARY = "libc++";
				CLANG_ENABLE_MODULES = YES;
				CLANG_ENABLE_OBJC_ARC = YES;
				CLANG_WARN_BOOL_CONVERSION = YES;
				CLANG_WARN_CONSTANT_CONVERSION = YES;
				CLANG_WARN_DIRECT_OBJC_ISA_USAGE = YES_ERROR;
				CLANG_WARN_EMPTY_BODY = YES;
				CLANG_WARN_ENUM_CONVERSION = YES;
				CLANG_WARN_INT_CONVERSION = YES;
				CLANG_WARN_OBJC_ROOT_CLASS = YES_ERROR;
				CLANG_WARN_UNREACHABLE_CODE = YES;
				CLANG_WARN__DUPLICATE_METHOD_MATCH = YES;
				"CODE_SIGN_IDENTITY[sdk=iphoneos*]" = "iPhone Developer";
				COPY_PHASE_STRIP = NO;
				ENABLE_STRICT_OBJC_MSGSEND = YES;
				GCC_C_LANGUAGE_STANDARD = gnu99;
				GCC_DYNAMIC_NO_PIC = NO;
				GCC_OPTIMIZATION_LEVEL = 0;
				GCC_PREPROCESSOR_DEFINITIONS = (
					"DEBUG=1",
					"$(inherited)",
				);
				GCC_SYMBOLS_PRIVATE_EXTERN = NO;
				GCC_WARN_64_TO_32_BIT_CONVERSION = YES;
				GCC_WARN_ABOUT_RETURN_TYPE = YES_ERROR;
				GCC_WARN_UNDECLARED_SELECTOR = YES;
				GCC_WARN_UNINITIALIZED_AUTOS = YES_AGGRESSIVE;
				GCC_WARN_UNUSED_FUNCTION = YES;
				GCC_WARN_UNUSED_VARIABLE = YES;
				IPHONEOS_DEPLOYMENT_TARGET = 8.2;
				MTL_ENABLE_DEBUG_INFO = YES;
				ONLY_ACTIVE_ARCH = YES;
				SDKROOT = iphoneos;
				SWIFT_OPTIMIZATION_LEVEL = "-Onone";
				TARGETED_DEVICE_FAMILY = "1,2";
			};
			name = Debug;
		};
		F2051BDC1B0C118000590A60 /* Release */ = {
			isa = XCBuildConfiguration;
			buildSettings = {
				ALWAYS_SEARCH_USER_PATHS = NO;
				CLANG_CXX_LANGUAGE_STANDARD = "gnu++0x";
				CLANG_CXX_LIBRARY = "libc++";
				CLANG_ENABLE_MODULES = YES;
				CLANG_ENABLE_OBJC_ARC = YES;
				CLANG_WARN_BOOL_CONVERSION = YES;
				CLANG_WARN_CONSTANT_CONVERSION = YES;
				CLANG_WARN_DIRECT_OBJC_ISA_USAGE = YES_ERROR;
				CLANG_WARN_EMPTY_BODY = YES;
				CLANG_WARN_ENUM_CONVERSION = YES;
				CLANG_WARN_INT_CONVERSION = YES;
				CLANG_WARN_OBJC_ROOT_CLASS = YES_ERROR;
				CLANG_WARN_UNREACHABLE_CODE = YES;
				CLANG_WARN__DUPLICATE_METHOD_MATCH = YES;
				"CODE_SIGN_IDENTITY[sdk=iphoneos*]" = "iPhone Developer";
				COPY_PHASE_STRIP = NO;
				ENABLE_NS_ASSERTIONS = NO;
				ENABLE_STRICT_OBJC_MSGSEND = YES;
				GCC_C_LANGUAGE_STANDARD = gnu99;
				GCC_WARN_64_TO_32_BIT_CONVERSION = YES;
				GCC_WARN_ABOUT_RETURN_TYPE = YES_ERROR;
				GCC_WARN_UNDECLARED_SELECTOR = YES;
				GCC_WARN_UNINITIALIZED_AUTOS = YES_AGGRESSIVE;
				GCC_WARN_UNUSED_FUNCTION = YES;
				GCC_WARN_UNUSED_VARIABLE = YES;
				IPHONEOS_DEPLOYMENT_TARGET = 8.2;
				MTL_ENABLE_DEBUG_INFO = NO;
				SDKROOT = iphoneos;
				TARGETED_DEVICE_FAMILY = "1,2";
				VALIDATE_PRODUCT = YES;
			};
			name = Release;
		};
		F2051BDE1B0C118000590A60 /* Debug */ = {
			isa = XCBuildConfiguration;
			buildSettings = {
				ASSETCATALOG_COMPILER_APPICON_NAME = AppIcon;
				INFOPLIST_FILE = Postcard/Info.plist;
				LD_RUNPATH_SEARCH_PATHS = "$(inherited) @executable_path/Frameworks";
				PRODUCT_NAME = "$(TARGET_NAME)";
			};
			name = Debug;
		};
		F2051BDF1B0C118000590A60 /* Release */ = {
			isa = XCBuildConfiguration;
			buildSettings = {
				ASSETCATALOG_COMPILER_APPICON_NAME = AppIcon;
				INFOPLIST_FILE = Postcard/Info.plist;
				LD_RUNPATH_SEARCH_PATHS = "$(inherited) @executable_path/Frameworks";
				PRODUCT_NAME = "$(TARGET_NAME)";
			};
			name = Release;
		};
		F2051BE11B0C118000590A60 /* Debug */ = {
			isa = XCBuildConfiguration;
			buildSettings = {
				BUNDLE_LOADER = "$(TEST_HOST)";
				FRAMEWORK_SEARCH_PATHS = (
					"$(SDKROOT)/Developer/Library/Frameworks",
					"$(inherited)",
				);
				GCC_PREPROCESSOR_DEFINITIONS = (
					"DEBUG=1",
					"$(inherited)",
				);
				INFOPLIST_FILE = PostcardTests/Info.plist;
				LD_RUNPATH_SEARCH_PATHS = "$(inherited) @executable_path/Frameworks @loader_path/Frameworks";
				PRODUCT_NAME = "$(TARGET_NAME)";
				TEST_HOST = "$(BUILT_PRODUCTS_DIR)/Postcard.app/Postcard";
			};
			name = Debug;
		};
		F2051BE21B0C118000590A60 /* Release */ = {
			isa = XCBuildConfiguration;
			buildSettings = {
				BUNDLE_LOADER = "$(TEST_HOST)";
				FRAMEWORK_SEARCH_PATHS = (
					"$(SDKROOT)/Developer/Library/Frameworks",
					"$(inherited)",
				);
				INFOPLIST_FILE = PostcardTests/Info.plist;
				LD_RUNPATH_SEARCH_PATHS = "$(inherited) @executable_path/Frameworks @loader_path/Frameworks";
				PRODUCT_NAME = "$(TARGET_NAME)";
				TEST_HOST = "$(BUILT_PRODUCTS_DIR)/Postcard.app/Postcard";
			};
			name = Release;
		};
/* End XCBuildConfiguration section */

/* Begin XCConfigurationList section */
		F2051BB91B0C117E00590A60 /* Build configuration list for PBXProject "Postcard" */ = {
			isa = XCConfigurationList;
			buildConfigurations = (
				F2051BDB1B0C118000590A60 /* Debug */,
				F2051BDC1B0C118000590A60 /* Release */,
			);
			defaultConfigurationIsVisible = 0;
			defaultConfigurationName = Release;
		};
		F2051BDD1B0C118000590A60 /* Build configuration list for PBXNativeTarget "Postcard" */ = {
			isa = XCConfigurationList;
			buildConfigurations = (
				F2051BDE1B0C118000590A60 /* Debug */,
				F2051BDF1B0C118000590A60 /* Release */,
			);
			defaultConfigurationIsVisible = 0;
		};
		F2051BE01B0C118000590A60 /* Build configuration list for PBXNativeTarget "PostcardTests" */ = {
			isa = XCConfigurationList;
			buildConfigurations = (
				F2051BE11B0C118000590A60 /* Debug */,
				F2051BE21B0C118000590A60 /* Release */,
			);
			defaultConfigurationIsVisible = 0;
		};
/* End XCConfigurationList section */
	};
	rootObject = F2051BB61B0C117E00590A60 /* Project object */;
}
